
Microsoft Visual Studio Solution File, Format Version 12.00
# Visual Studio Version 16
VisualStudioVersion = 16.0.31729.503
MinimumVisualStudioVersion = 10.0.40219.1
Project("{FAE04EC0-301F-11D3-BF4B-00C04F79EFBC}") = "Eauction-Buyer-API", "Eauction-Buyer-API.csproj", "{31575F2E-98B7-49D0-B005-C154ACC1ED6D}"
EndProject
Global
	GlobalSection(SolutionConfigurationPlatforms) = preSolution
		Debug|Any CPU = Debug|Any CPU
		Release|Any CPU = Release|Any CPU
	EndGlobalSection
	GlobalSection(ProjectConfigurationPlatforms) = postSolution
		{31575F2E-98B7-49D0-B005-C154ACC1ED6D}.Debug|Any CPU.ActiveCfg = Debug|Any CPU
		{31575F2E-98B7-49D0-B005-C154ACC1ED6D}.Debug|Any CPU.Build.0 = Debug|Any CPU
		{31575F2E-98B7-49D0-B005-C154ACC1ED6D}.Release|Any CPU.ActiveCfg = Release|Any CPU
		{31575F2E-98B7-49D0-B005-C154ACC1ED6D}.Release|Any CPU.Build.0 = Release|Any CPU
	EndGlobalSection
	GlobalSection(SolutionProperties) = preSolution
		HideSolutionNode = FALSE
	EndGlobalSection
	GlobalSection(ExtensibilityGlobals) = postSolution
		SolutionGuid = {BAC4FBFF-3D63-44CF-94D0-E59B1C917BA1}
	EndGlobalSection
EndGlobal
